// !$*UTF8*$!
{
	archiveVersion = 1;
	classes = {
	};
	objectVersion = 50;
	objects = {

/* Begin PBXBuildFile section */
		0800902523CE19820057F29A /* AppDelegate.swift in Sources */ = {isa = PBXBuildFile; fileRef = 0800902423CE19820057F29A /* AppDelegate.swift */; };
		0800902723CE19820057F29A /* SceneDelegate.swift in Sources */ = {isa = PBXBuildFile; fileRef = 0800902623CE19820057F29A /* SceneDelegate.swift */; };
		0800902923CE19820057F29A /* ViewController.swift in Sources */ = {isa = PBXBuildFile; fileRef = 0800902823CE19820057F29A /* ViewController.swift */; };
		0800902C23CE19820057F29A /* Main.storyboard in Resources */ = {isa = PBXBuildFile; fileRef = 0800902A23CE19820057F29A /* Main.storyboard */; };
		0800902E23CE19830057F29A /* Assets.xcassets in Resources */ = {isa = PBXBuildFile; fileRef = 0800902D23CE19830057F29A /* Assets.xcassets */; };
		0800903123CE19830057F29A /* LaunchScreen.storyboard in Resources */ = {isa = PBXBuildFile; fileRef = 0800902F23CE19830057F29A /* LaunchScreen.storyboard */; };
		081BB7CE23CE1DAD001257DE /* CityWeatherViewDataSource.swift in Sources */ = {isa = PBXBuildFile; fileRef = 081BB7CD23CE1DAD001257DE /* CityWeatherViewDataSource.swift */; };
		081BB7D123CE1DF9001257DE /* WeatherViewController.swift in Sources */ = {isa = PBXBuildFile; fileRef = 081BB7D023CE1DF9001257DE /* WeatherViewController.swift */; };
		081BB7D423CE1F47001257DE /* NetworkManager.swift in Sources */ = {isa = PBXBuildFile; fileRef = 081BB7D323CE1F47001257DE /* NetworkManager.swift */; };
		081BB7D723CE1FB3001257DE /* Constants.swift in Sources */ = {isa = PBXBuildFile; fileRef = 081BB7D623CE1FB3001257DE /* Constants.swift */; };
		081BB7DE23CE2419001257DE /* WeatherCityViewModel.swift in Sources */ = {isa = PBXBuildFile; fileRef = 081BB7DD23CE2419001257DE /* WeatherCityViewModel.swift */; };
		081BB7E023CE2424001257DE /* WeatherDataModel.swift in Sources */ = {isa = PBXBuildFile; fileRef = 081BB7DF23CE2424001257DE /* WeatherDataModel.swift */; };
		081BB7E423CE3565001257DE /* Conversions.swift in Sources */ = {isa = PBXBuildFile; fileRef = 081BB7E323CE3565001257DE /* Conversions.swift */; };
		081BB7E723CE409A001257DE /* WeatherRouter.swift in Sources */ = {isa = PBXBuildFile; fileRef = 081BB7E623CE409A001257DE /* WeatherRouter.swift */; };
		081BB7EA23CE40AF001257DE /* WeatherRoutables.swift in Sources */ = {isa = PBXBuildFile; fileRef = 081BB7E923CE40AF001257DE /* WeatherRoutables.swift */; };
		08B92C5223CE1B280090D174 /* CityWeatherTableViewCell.swift in Sources */ = {isa = PBXBuildFile; fileRef = 08B92C5023CE1B280090D174 /* CityWeatherTableViewCell.swift */; };
		08B92C5323CE1B280090D174 /* CityWeatherTableViewCell.xib in Resources */ = {isa = PBXBuildFile; fileRef = 08B92C5123CE1B280090D174 /* CityWeatherTableViewCell.xib */; };
/* End PBXBuildFile section */

/* Begin PBXFileReference section */
		0800902123CE19820057F29A /* WeatherApp.app */ = {isa = PBXFileReference; explicitFileType = wrapper.application; includeInIndex = 0; path = WeatherApp.app; sourceTree = BUILT_PRODUCTS_DIR; };
		0800902423CE19820057F29A /* AppDelegate.swift */ = {isa = PBXFileReference; lastKnownFileType = sourcecode.swift; path = AppDelegate.swift; sourceTree = "<group>"; };
		0800902623CE19820057F29A /* SceneDelegate.swift */ = {isa = PBXFileReference; lastKnownFileType = sourcecode.swift; path = SceneDelegate.swift; sourceTree = "<group>"; };
		0800902823CE19820057F29A /* ViewController.swift */ = {isa = PBXFileReference; lastKnownFileType = sourcecode.swift; path = ViewController.swift; sourceTree = "<group>"; };
		0800902B23CE19820057F29A /* Base */ = {isa = PBXFileReference; lastKnownFileType = file.storyboard; name = Base; path = Base.lproj/Main.storyboard; sourceTree = "<group>"; };
		0800902D23CE19830057F29A /* Assets.xcassets */ = {isa = PBXFileReference; lastKnownFileType = folder.assetcatalog; path = Assets.xcassets; sourceTree = "<group>"; };
		0800903023CE19830057F29A /* Base */ = {isa = PBXFileReference; lastKnownFileType = file.storyboard; name = Base; path = Base.lproj/LaunchScreen.storyboard; sourceTree = "<group>"; };
		0800903223CE19830057F29A /* Info.plist */ = {isa = PBXFileReference; lastKnownFileType = text.plist.xml; path = Info.plist; sourceTree = "<group>"; };
		081BB7CD23CE1DAD001257DE /* CityWeatherViewDataSource.swift */ = {isa = PBXFileReference; lastKnownFileType = sourcecode.swift; path = CityWeatherViewDataSource.swift; sourceTree = "<group>"; };
		081BB7D023CE1DF9001257DE /* WeatherViewController.swift */ = {isa = PBXFileReference; lastKnownFileType = sourcecode.swift; path = WeatherViewController.swift; sourceTree = "<group>"; };
		081BB7D323CE1F47001257DE /* NetworkManager.swift */ = {isa = PBXFileReference; lastKnownFileType = sourcecode.swift; path = NetworkManager.swift; sourceTree = "<group>"; };
		081BB7D623CE1FB3001257DE /* Constants.swift */ = {isa = PBXFileReference; lastKnownFileType = sourcecode.swift; path = Constants.swift; sourceTree = "<group>"; };
		081BB7DD23CE2419001257DE /* WeatherCityViewModel.swift */ = {isa = PBXFileReference; lastKnownFileType = sourcecode.swift; path = WeatherCityViewModel.swift; sourceTree = "<group>"; };
		081BB7DF23CE2424001257DE /* WeatherDataModel.swift */ = {isa = PBXFileReference; lastKnownFileType = sourcecode.swift; path = WeatherDataModel.swift; sourceTree = "<group>"; };
		081BB7E323CE3565001257DE /* Conversions.swift */ = {isa = PBXFileReference; lastKnownFileType = sourcecode.swift; path = Conversions.swift; sourceTree = "<group>"; };
		081BB7E623CE409A001257DE /* WeatherRouter.swift */ = {isa = PBXFileReference; lastKnownFileType = sourcecode.swift; path = WeatherRouter.swift; sourceTree = "<group>"; };
		081BB7E923CE40AF001257DE /* WeatherRoutables.swift */ = {isa = PBXFileReference; lastKnownFileType = sourcecode.swift; path = WeatherRoutables.swift; sourceTree = "<group>"; };
		08B92C5023CE1B280090D174 /* CityWeatherTableViewCell.swift */ = {isa = PBXFileReference; lastKnownFileType = sourcecode.swift; path = CityWeatherTableViewCell.swift; sourceTree = "<group>"; };
		08B92C5123CE1B280090D174 /* CityWeatherTableViewCell.xib */ = {isa = PBXFileReference; lastKnownFileType = file.xib; path = CityWeatherTableViewCell.xib; sourceTree = "<group>"; };
/* End PBXFileReference section */

/* Begin PBXFrameworksBuildPhase section */
		0800901E23CE19820057F29A /* Frameworks */ = {
			isa = PBXFrameworksBuildPhase;
			buildActionMask = 2147483647;
			files = (
			);
			runOnlyForDeploymentPostprocessing = 0;
		};
/* End PBXFrameworksBuildPhase section */

/* Begin PBXGroup section */
		0800901823CE19820057F29A = {
			isa = PBXGroup;
			children = (
				0800902323CE19820057F29A /* WeatherApp */,
				0800902223CE19820057F29A /* Products */,
			);
			sourceTree = "<group>";
		};
		0800902223CE19820057F29A /* Products */ = {
			isa = PBXGroup;
			children = (
				0800902123CE19820057F29A /* WeatherApp.app */,
			);
			name = Products;
			sourceTree = "<group>";
		};
		0800902323CE19820057F29A /* WeatherApp */ = {
			isa = PBXGroup;
			children = (
				081BB7CF23CE1DD6001257DE /* View */,
				08B92C4F23CE1AC80090D174 /* TableViewCells */,
				08B92C4E23CE1A9E0090D174 /* TableViewDataSource */,
				081BB7D223CE1F23001257DE /* API Calls */,
				081BB7D823CE2055001257DE /* Model */,
				081BB7E823CE409F001257DE /* Protocols */,
				081BB7E523CE407A001257DE /* Router */,
				081BB7D523CE1FA1001257DE /* Utils */,
				0800902423CE19820057F29A /* AppDelegate.swift */,
				0800902623CE19820057F29A /* SceneDelegate.swift */,
				0800902823CE19820057F29A /* ViewController.swift */,
				0800902D23CE19830057F29A /* Assets.xcassets */,
				0800902F23CE19830057F29A /* LaunchScreen.storyboard */,
				0800903223CE19830057F29A /* Info.plist */,
			);
			path = WeatherApp;
			sourceTree = "<group>";
		};
		081BB7CF23CE1DD6001257DE /* View */ = {
			isa = PBXGroup;
			children = (
				0800902A23CE19820057F29A /* Main.storyboard */,
				081BB7D023CE1DF9001257DE /* WeatherViewController.swift */,
			);
			path = View;
			sourceTree = "<group>";
		};
		081BB7D223CE1F23001257DE /* API Calls */ = {
			isa = PBXGroup;
			children = (
				081BB7D323CE1F47001257DE /* NetworkManager.swift */,
			);
			path = "API Calls";
			sourceTree = "<group>";
		};
		081BB7D523CE1FA1001257DE /* Utils */ = {
			isa = PBXGroup;
			children = (
				081BB7D623CE1FB3001257DE /* Constants.swift */,
				081BB7E323CE3565001257DE /* Conversions.swift */,
			);
			path = Utils;
			sourceTree = "<group>";
		};
		081BB7D823CE2055001257DE /* Model */ = {
			isa = PBXGroup;
			children = (
				081BB7DC23CE2407001257DE /* ViewModel */,
				081BB7DB23CE2400001257DE /* DataModel */,
			);
			path = Model;
			sourceTree = "<group>";
		};
		081BB7DB23CE2400001257DE /* DataModel */ = {
			isa = PBXGroup;
			children = (
				081BB7DF23CE2424001257DE /* WeatherDataModel.swift */,
			);
			path = DataModel;
			sourceTree = "<group>";
		};
		081BB7DC23CE2407001257DE /* ViewModel */ = {
			isa = PBXGroup;
			children = (
				081BB7DD23CE2419001257DE /* WeatherCityViewModel.swift */,
			);
			path = ViewModel;
			sourceTree = "<group>";
		};
		081BB7E523CE407A001257DE /* Router */ = {
			isa = PBXGroup;
			children = (
				081BB7E623CE409A001257DE /* WeatherRouter.swift */,
			);
			path = Router;
			sourceTree = "<group>";
		};
		081BB7E823CE409F001257DE /* Protocols */ = {
			isa = PBXGroup;
			children = (
				081BB7E923CE40AF001257DE /* WeatherRoutables.swift */,
			);
			path = Protocols;
			sourceTree = "<group>";
		};
		08B92C4E23CE1A9E0090D174 /* TableViewDataSource */ = {
			isa = PBXGroup;
			children = (
				081BB7CD23CE1DAD001257DE /* CityWeatherViewDataSource.swift */,
			);
			path = TableViewDataSource;
			sourceTree = "<group>";
		};
		08B92C4F23CE1AC80090D174 /* TableViewCells */ = {
			isa = PBXGroup;
			children = (
				08B92C5023CE1B280090D174 /* CityWeatherTableViewCell.swift */,
				08B92C5123CE1B280090D174 /* CityWeatherTableViewCell.xib */,
			);
			path = TableViewCells;
			sourceTree = "<group>";
		};
/* End PBXGroup section */

/* Begin PBXNativeTarget section */
		0800902023CE19820057F29A /* WeatherApp */ = {
			isa = PBXNativeTarget;
			buildConfigurationList = 0800903523CE19830057F29A /* Build configuration list for PBXNativeTarget "WeatherApp" */;
			buildPhases = (
				0800901D23CE19820057F29A /* Sources */,
				0800901E23CE19820057F29A /* Frameworks */,
				0800901F23CE19820057F29A /* Resources */,
			);
			buildRules = (
			);
			dependencies = (
			);
			name = WeatherApp;
			productName = WeatherApp;
			productReference = 0800902123CE19820057F29A /* WeatherApp.app */;
			productType = "com.apple.product-type.application";
		};
/* End PBXNativeTarget section */

/* Begin PBXProject section */
		0800901923CE19820057F29A /* Project object */ = {
			isa = PBXProject;
			attributes = {
				LastSwiftUpdateCheck = 1110;
				LastUpgradeCheck = 1110;
				ORGANIZATIONNAME = "Nikhil Aggarwal";
				TargetAttributes = {
					0800902023CE19820057F29A = {
						CreatedOnToolsVersion = 11.1;
					};
				};
			};
			buildConfigurationList = 0800901C23CE19820057F29A /* Build configuration list for PBXProject "WeatherApp" */;
			compatibilityVersion = "Xcode 9.3";
			developmentRegion = en;
			hasScannedForEncodings = 0;
			knownRegions = (
				en,
				Base,
			);
			mainGroup = 0800901823CE19820057F29A;
			productRefGroup = 0800902223CE19820057F29A /* Products */;
			projectDirPath = "";
			projectRoot = "";
			targets = (
				0800902023CE19820057F29A /* WeatherApp */,
			);
		};
/* End PBXProject section */

/* Begin PBXResourcesBuildPhase section */
		0800901F23CE19820057F29A /* Resources */ = {
			isa = PBXResourcesBuildPhase;
			buildActionMask = 2147483647;
			files = (
				0800903123CE19830057F29A /* LaunchScreen.storyboard in Resources */,
				08B92C5323CE1B280090D174 /* CityWeatherTableViewCell.xib in Resources */,
				0800902E23CE19830057F29A /* Assets.xcassets in Resources */,
				0800902C23CE19820057F29A /* Main.storyboard in Resources */,
			);
			runOnlyForDeploymentPostprocessing = 0;
		};
/* End PBXResourcesBuildPhase section */

/* Begin PBXSourcesBuildPhase section */
		0800901D23CE19820057F29A /* Sources */ = {
			isa = PBXSourcesBuildPhase;
			buildActionMask = 2147483647;
			files = (
				081BB7E423CE3565001257DE /* Conversions.swift in Sources */,
				0800902923CE19820057F29A /* ViewController.swift in Sources */,
				081BB7D123CE1DF9001257DE /* WeatherViewController.swift in Sources */,
				08B92C5223CE1B280090D174 /* CityWeatherTableViewCell.swift in Sources */,
				081BB7D423CE1F47001257DE /* NetworkManager.swift in Sources */,
				081BB7DE23CE2419001257DE /* WeatherCityViewModel.swift in Sources */,
				0800902523CE19820057F29A /* AppDelegate.swift in Sources */,
				081BB7E023CE2424001257DE /* WeatherDataModel.swift in Sources */,
				081BB7CE23CE1DAD001257DE /* CityWeatherViewDataSource.swift in Sources */,
				0800902723CE19820057F29A /* SceneDelegate.swift in Sources */,
				081BB7D723CE1FB3001257DE /* Constants.swift in Sources */,
				081BB7E723CE409A001257DE /* WeatherRouter.swift in Sources */,
				081BB7EA23CE40AF001257DE /* WeatherRoutables.swift in Sources */,
			);
			runOnlyForDeploymentPostprocessing = 0;
		};
/* End PBXSourcesBuildPhase section */

/* Begin PBXVariantGroup section */
		0800902A23CE19820057F29A /* Main.storyboard */ = {
			isa = PBXVariantGroup;
			children = (
				0800902B23CE19820057F29A /* Base */,
			);
			name = Main.storyboard;
			sourceTree = "<group>";
		};
		0800902F23CE19830057F29A /* LaunchScreen.storyboard */ = {
			isa = PBXVariantGroup;
			children = (
				0800903023CE19830057F29A /* Base */,
			);
			name = LaunchScreen.storyboard;
			sourceTree = "<group>";
		};
/* End PBXVariantGroup section */

/* Begin XCBuildConfiguration section */
		0800903323CE19830057F29A /* Debug */ = {
			isa = XCBuildConfiguration;
			buildSettings = {
				ALWAYS_SEARCH_USER_PATHS = NO;
				CLANG_ANALYZER_NONNULL = YES;
				CLANG_ANALYZER_NUMBER_OBJECT_CONVERSION = YES_AGGRESSIVE;
				CLANG_CXX_LANGUAGE_STANDARD = "gnu++14";
				CLANG_CXX_LIBRARY = "libc++";
				CLANG_ENABLE_MODULES = YES;
				CLANG_ENABLE_OBJC_ARC = YES;
				CLANG_ENABLE_OBJC_WEAK = YES;
				CLANG_WARN_BLOCK_CAPTURE_AUTORELEASING = YES;
				CLANG_WARN_BOOL_CONVERSION = YES;
				CLANG_WARN_COMMA = YES;
				CLANG_WARN_CONSTANT_CONVERSION = YES;
				CLANG_WARN_DEPRECATED_OBJC_IMPLEMENTATIONS = YES;
				CLANG_WARN_DIRECT_OBJC_ISA_USAGE = YES_ERROR;
				CLANG_WARN_DOCUMENTATION_COMMENTS = YES;
				CLANG_WARN_EMPTY_BODY = YES;
				CLANG_WARN_ENUM_CONVERSION = YES;
				CLANG_WARN_INFINITE_RECURSION = YES;
				CLANG_WARN_INT_CONVERSION = YES;
				CLANG_WARN_NON_LITERAL_NULL_CONVERSION = YES;
				CLANG_WARN_OBJC_IMPLICIT_RETAIN_SELF = YES;
				CLANG_WARN_OBJC_LITERAL_CONVERSION = YES;
				CLANG_WARN_OBJC_ROOT_CLASS = YES_ERROR;
				CLANG_WARN_RANGE_LOOP_ANALYSIS = YES;
				CLANG_WARN_STRICT_PROTOTYPES = YES;
				CLANG_WARN_SUSPICIOUS_MOVE = YES;
				CLANG_WARN_UNGUARDED_AVAILABILITY = YES_AGGRESSIVE;
				CLANG_WARN_UNREACHABLE_CODE = YES;
				CLANG_WARN__DUPLICATE_METHOD_MATCH = YES;
				COPY_PHASE_STRIP = NO;
				DEBUG_INFORMATION_FORMAT = dwarf;
				ENABLE_STRICT_OBJC_MSGSEND = YES;
				ENABLE_TESTABILITY = YES;
				GCC_C_LANGUAGE_STANDARD = gnu11;
				GCC_DYNAMIC_NO_PIC = NO;
				GCC_NO_COMMON_BLOCKS = YES;
				GCC_OPTIMIZATION_LEVEL = 0;
				GCC_PREPROCESSOR_DEFINITIONS = (
					"DEBUG=1",
					"$(inherited)",
				);
				GCC_WARN_64_TO_32_BIT_CONVERSION = YES;
				GCC_WARN_ABOUT_RETURN_TYPE = YES_ERROR;
				GCC_WARN_UNDECLARED_SELECTOR = YES;
				GCC_WARN_UNINITIALIZED_AUTOS = YES_AGGRESSIVE;
				GCC_WARN_UNUSED_FUNCTION = YES;
				GCC_WARN_UNUSED_VARIABLE = YES;
				IPHONEOS_DEPLOYMENT_TARGET = 13.1;
				MTL_ENABLE_DEBUG_INFO = INCLUDE_SOURCE;
				MTL_FAST_MATH = YES;
				ONLY_ACTIVE_ARCH = YES;
				SDKROOT = iphoneos;
				SWIFT_ACTIVE_COMPILATION_CONDITIONS = DEBUG;
				SWIFT_OPTIMIZATION_LEVEL = "-Onone";
			};
			name = Debug;
		};
		0800903423CE19830057F29A /* Release */ = {
			isa = XCBuildConfiguration;
			buildSettings = {
				ALWAYS_SEARCH_USER_PATHS = NO;
				CLANG_ANALYZER_NONNULL = YES;
				CLANG_ANALYZER_NUMBER_OBJECT_CONVERSION = YES_AGGRESSIVE;
				CLANG_CXX_LANGUAGE_STANDARD = "gnu++14";
				CLANG_CXX_LIBRARY = "libc++";
				CLANG_ENABLE_MODULES = YES;
				CLANG_ENABLE_OBJC_ARC = YES;
				CLANG_ENABLE_OBJC_WEAK = YES;
				CLANG_WARN_BLOCK_CAPTURE_AUTORELEASING = YES;
				CLANG_WARN_BOOL_CONVERSION = YES;
				CLANG_WARN_COMMA = YES;
				CLANG_WARN_CONSTANT_CONVERSION = YES;
				CLANG_WARN_DEPRECATED_OBJC_IMPLEMENTATIONS = YES;
				CLANG_WARN_DIRECT_OBJC_ISA_USAGE = YES_ERROR;
				CLANG_WARN_DOCUMENTATION_COMMENTS = YES;
				CLANG_WARN_EMPTY_BODY = YES;
				CLANG_WARN_ENUM_CONVERSION = YES;
				CLANG_WARN_INFINITE_RECURSION = YES;
				CLANG_WARN_INT_CONVERSION = YES;
				CLANG_WARN_NON_LITERAL_NULL_CONVERSION = YES;
				CLANG_WARN_OBJC_IMPLICIT_RETAIN_SELF = YES;
				CLANG_WARN_OBJC_LITERAL_CONVERSION = YES;
				CLANG_WARN_OBJC_ROOT_CLASS = YES_ERROR;
				CLANG_WARN_RANGE_LOOP_ANALYSIS = YES;
				CLANG_WARN_STRICT_PROTOTYPES = YES;
				CLANG_WARN_SUSPICIOUS_MOVE = YES;
				CLANG_WARN_UNGUARDED_AVAILABILITY = YES_AGGRESSIVE;
				CLANG_WARN_UNREACHABLE_CODE = YES;
				CLANG_WARN__DUPLICATE_METHOD_MATCH = YES;
				COPY_PHASE_STRIP = NO;
				DEBUG_INFORMATION_FORMAT = "dwarf-with-dsym";
				ENABLE_NS_ASSERTIONS = NO;
				ENABLE_STRICT_OBJC_MSGSEND = YES;
				GCC_C_LANGUAGE_STANDARD = gnu11;
				GCC_NO_COMMON_BLOCKS = YES;
				GCC_WARN_64_TO_32_BIT_CONVERSION = YES;
				GCC_WARN_ABOUT_RETURN_TYPE = YES_ERROR;
				GCC_WARN_UNDECLARED_SELECTOR = YES;
				GCC_WARN_UNINITIALIZED_AUTOS = YES_AGGRESSIVE;
				GCC_WARN_UNUSED_FUNCTION = YES;
				GCC_WARN_UNUSED_VARIABLE = YES;
				IPHONEOS_DEPLOYMENT_TARGET = 13.1;
				MTL_ENABLE_DEBUG_INFO = NO;
				MTL_FAST_MATH = YES;
				SDKROOT = iphoneos;
				SWIFT_COMPILATION_MODE = wholemodule;
				SWIFT_OPTIMIZATION_LEVEL = "-O";
				VALIDATE_PRODUCT = YES;
			};
			name = Release;
		};
		0800903623CE19830057F29A /* Debug */ = {
			isa = XCBuildConfiguration;
			buildSettings = {
				ASSETCATALOG_COMPILER_APPICON_NAME = AppIcon;
				CODE_SIGN_STYLE = Automatic;
				INFOPLIST_FILE = WeatherApp/Info.plist;
				LD_RUNPATH_SEARCH_PATHS = (
					"$(inherited)",
					"@executable_path/Frameworks",
				);
				PRODUCT_BUNDLE_IDENTIFIER = poc.d.WeatherApp;
				PRODUCT_NAME = "$(TARGET_NAME)";
				SWIFT_VERSION = 5.0;
				TARGETED_DEVICE_FAMILY = "1,2";
			};
			name = Debug;
		};
		0800903723CE19830057F29A /* Release */ = {
			isa = XCBuildConfiguration;
			buildSettings = {
				ASSETCATALOG_COMPILER_APPICON_NAME = AppIcon;
				CODE_SIGN_STYLE = Automatic;
				INFOPLIST_FILE = WeatherApp/Info.plist;
				LD_RUNPATH_SEARCH_PATHS = (
					"$(inherited)",
					"@executable_path/Frameworks",
				);
				PRODUCT_BUNDLE_IDENTIFIER = poc.d.WeatherApp;
				PRODUCT_NAME = "$(TARGET_NAME)";
				SWIFT_VERSION = 5.0;
				TARGETED_DEVICE_FAMILY = "1,2";
			};
			name = Release;
		};
/* End XCBuildConfiguration section */

/* Begin XCConfigurationList section */
		0800901C23CE19820057F29A /* Build configuration list for PBXProject "WeatherApp" */ = {
			isa = XCConfigurationList;
			buildConfigurations = (
				0800903323CE19830057F29A /* Debug */,
				0800903423CE19830057F29A /* Release */,
			);
			defaultConfigurationIsVisible = 0;
			defaultConfigurationName = Release;
		};
		0800903523CE19830057F29A /* Build configuration list for PBXNativeTarget "WeatherApp" */ = {
			isa = XCConfigurationList;
			buildConfigurations = (
				0800903623CE19830057F29A /* Debug */,
				0800903723CE19830057F29A /* Release */,
			);
			defaultConfigurationIsVisible = 0;
			defaultConfigurationName = Release;
		};
/* End XCConfigurationList section */
	};
	rootObject = 0800901923CE19820057F29A /* Project object */;
}
